
Microsoft Visual Studio Solution File, Format Version 12.00
# Visual Studio Version 16
VisualStudioVersion = 16.0.30503.244
MinimumVisualStudioVersion = 10.0.40219.1
Project("{FAE04EC0-301F-11D3-BF4B-00C04F79EFBC}") = "файловы менеджер", "файловы менеджер\файловы менеджер.csproj", "{1A76DF5C-E6B9-42FC-871D-8227A2FA3733}"
EndProject
Global
	GlobalSection(SolutionConfigurationPlatforms) = preSolution
		Debug|Any CPU = Debug|Any CPU
		Release|Any CPU = Release|Any CPU
	EndGlobalSection
	GlobalSection(ProjectConfigurationPlatforms) = postSolution
		{1A76DF5C-E6B9-42FC-871D-8227A2FA3733}.Debug|Any CPU.ActiveCfg = Debug|Any CPU
		{1A76DF5C-E6B9-42FC-871D-8227A2FA3733}.Debug|Any CPU.Build.0 = Debug|Any CPU
		{1A76DF5C-E6B9-42FC-871D-8227A2FA3733}.Release|Any CPU.ActiveCfg = Release|Any CPU
		{1A76DF5C-E6B9-42FC-871D-8227A2FA3733}.Release|Any CPU.Build.0 = Release|Any CPU
	EndGlobalSection
	GlobalSection(SolutionProperties) = preSolution
		HideSolutionNode = FALSE
	EndGlobalSection
	GlobalSection(ExtensibilityGlobals) = postSolution
		SolutionGuid = {27D2B80E-1D3A-4AAF-9142-1E4B8FAE0455}
	EndGlobalSection
EndGlobal
